
Microsoft Visual Studio Solution File, Format Version 12.00
# Visual Studio Version 16
VisualStudioVersion = 16.0.31605.320
MinimumVisualStudioVersion = 10.0.40219.1
Project("{A07B5EB6-E848-4116-A8D0-A826331D98C6}") = "ECommerce", "ECommerce\ECommerce.sfproj", "{3964A840-CCA9-429A-A29A-79399154E832}"
EndProject
Project("{9A19103F-16F7-4668-BE54-9A1E7A4F7556}") = "ECommerce.ProductCatalog.Model", "ECommerce.ProductCatalog.Model\ECommerce.ProductCatalog.Model.csproj", "{CEEAC27A-9156-4F3D-80B6-B587CAB65B1F}"
EndProject
Project("{9A19103F-16F7-4668-BE54-9A1E7A4F7556}") = "ECommerce.ProductCatalog", "ECommerce.ProductCatalog\ECommerce.ProductCatalog.csproj", "{5B07B51A-A3F7-44A6-AF43-792ED90539CC}"
EndProject
Project("{FAE04EC0-301F-11D3-BF4B-00C04F79EFBC}") = "ECommerce.API", "ECommerce.API\ECommerce.API.csproj", "{CD83394F-2E13-4187-801B-5567BD772933}"
EndProject
Project("{FAE04EC0-301F-11D3-BF4B-00C04F79EFBC}") = "UserActor", "UserActor\UserActor.csproj", "{83A5E794-C6A7-4023-B406-452A038EFBED}"
EndProject
Project("{FAE04EC0-301F-11D3-BF4B-00C04F79EFBC}") = "UserActor.Interfaces", "UserActor.Interfaces\UserActor.Interfaces.csproj", "{78BCAEA1-57F6-4000-B49E-6997BFF58D9E}"
EndProject
Global
	GlobalSection(SolutionConfigurationPlatforms) = preSolution
		Debug|Any CPU = Debug|Any CPU
		Debug|x64 = Debug|x64
		Release|Any CPU = Release|Any CPU
		Release|x64 = Release|x64
	EndGlobalSection
	GlobalSection(ProjectConfigurationPlatforms) = postSolution
		{3964A840-CCA9-429A-A29A-79399154E832}.Debug|Any CPU.ActiveCfg = Debug|x64
		{3964A840-CCA9-429A-A29A-79399154E832}.Debug|x64.ActiveCfg = Debug|x64
		{3964A840-CCA9-429A-A29A-79399154E832}.Debug|x64.Build.0 = Debug|x64
		{3964A840-CCA9-429A-A29A-79399154E832}.Debug|x64.Deploy.0 = Debug|x64
		{3964A840-CCA9-429A-A29A-79399154E832}.Release|Any CPU.ActiveCfg = Release|x64
		{3964A840-CCA9-429A-A29A-79399154E832}.Release|x64.ActiveCfg = Release|x64
		{3964A840-CCA9-429A-A29A-79399154E832}.Release|x64.Build.0 = Release|x64
		{3964A840-CCA9-429A-A29A-79399154E832}.Release|x64.Deploy.0 = Release|x64
		{CEEAC27A-9156-4F3D-80B6-B587CAB65B1F}.Debug|Any CPU.ActiveCfg = Debug|Any CPU
		{CEEAC27A-9156-4F3D-80B6-B587CAB65B1F}.Debug|Any CPU.Build.0 = Debug|Any CPU
		{CEEAC27A-9156-4F3D-80B6-B587CAB65B1F}.Debug|x64.ActiveCfg = Debug|Any CPU
		{CEEAC27A-9156-4F3D-80B6-B587CAB65B1F}.Debug|x64.Build.0 = Debug|Any CPU
		{CEEAC27A-9156-4F3D-80B6-B587CAB65B1F}.Release|Any CPU.ActiveCfg = Release|Any CPU
		{CEEAC27A-9156-4F3D-80B6-B587CAB65B1F}.Release|Any CPU.Build.0 = Release|Any CPU
		{CEEAC27A-9156-4F3D-80B6-B587CAB65B1F}.Release|x64.ActiveCfg = Release|Any CPU
		{CEEAC27A-9156-4F3D-80B6-B587CAB65B1F}.Release|x64.Build.0 = Release|Any CPU
		{5B07B51A-A3F7-44A6-AF43-792ED90539CC}.Debug|Any CPU.ActiveCfg = Debug|Any CPU
		{5B07B51A-A3F7-44A6-AF43-792ED90539CC}.Debug|Any CPU.Build.0 = Debug|Any CPU
		{5B07B51A-A3F7-44A6-AF43-792ED90539CC}.Debug|x64.ActiveCfg = Debug|Any CPU
		{5B07B51A-A3F7-44A6-AF43-792ED90539CC}.Debug|x64.Build.0 = Debug|Any CPU
		{5B07B51A-A3F7-44A6-AF43-792ED90539CC}.Release|Any CPU.ActiveCfg = Release|Any CPU
		{5B07B51A-A3F7-44A6-AF43-792ED90539CC}.Release|Any CPU.Build.0 = Release|Any CPU
		{5B07B51A-A3F7-44A6-AF43-792ED90539CC}.Release|x64.ActiveCfg = Release|Any CPU
		{5B07B51A-A3F7-44A6-AF43-792ED90539CC}.Release|x64.Build.0 = Release|Any CPU
		{CD83394F-2E13-4187-801B-5567BD772933}.Debug|Any CPU.ActiveCfg = Debug|Any CPU
		{CD83394F-2E13-4187-801B-5567BD772933}.Debug|Any CPU.Build.0 = Debug|Any CPU
		{CD83394F-2E13-4187-801B-5567BD772933}.Debug|x64.ActiveCfg = Debug|Any CPU
		{CD83394F-2E13-4187-801B-5567BD772933}.Debug|x64.Build.0 = Debug|Any CPU
		{CD83394F-2E13-4187-801B-5567BD772933}.Release|Any CPU.ActiveCfg = Release|Any CPU
		{CD83394F-2E13-4187-801B-5567BD772933}.Release|Any CPU.Build.0 = Release|Any CPU
		{CD83394F-2E13-4187-801B-5567BD772933}.Release|x64.ActiveCfg = Release|Any CPU
		{CD83394F-2E13-4187-801B-5567BD772933}.Release|x64.Build.0 = Release|Any CPU
		{83A5E794-C6A7-4023-B406-452A038EFBED}.Debug|Any CPU.ActiveCfg = Debug|Any CPU
		{83A5E794-C6A7-4023-B406-452A038EFBED}.Debug|Any CPU.Build.0 = Debug|Any CPU
		{83A5E794-C6A7-4023-B406-452A038EFBED}.Debug|x64.ActiveCfg = Debug|Any CPU
		{83A5E794-C6A7-4023-B406-452A038EFBED}.Debug|x64.Build.0 = Debug|Any CPU
		{83A5E794-C6A7-4023-B406-452A038EFBED}.Release|Any CPU.ActiveCfg = Release|Any CPU
		{83A5E794-C6A7-4023-B406-452A038EFBED}.Release|Any CPU.Build.0 = Release|Any CPU
		{83A5E794-C6A7-4023-B406-452A038EFBED}.Release|x64.ActiveCfg = Release|Any CPU
		{83A5E794-C6A7-4023-B406-452A038EFBED}.Release|x64.Build.0 = Release|Any CPU
		{78BCAEA1-57F6-4000-B49E-6997BFF58D9E}.Debug|Any CPU.ActiveCfg = Debug|Any CPU
		{78BCAEA1-57F6-4000-B49E-6997BFF58D9E}.Debug|Any CPU.Build.0 = Debug|Any CPU
		{78BCAEA1-57F6-4000-B49E-6997BFF58D9E}.Debug|x64.ActiveCfg = Debug|Any CPU
		{78BCAEA1-57F6-4000-B49E-6997BFF58D9E}.Debug|x64.Build.0 = Debug|Any CPU
		{78BCAEA1-57F6-4000-B49E-6997BFF58D9E}.Release|Any CPU.ActiveCfg = Release|Any CPU
		{78BCAEA1-57F6-4000-B49E-6997BFF58D9E}.Release|Any CPU.Build.0 = Release|Any CPU
		{78BCAEA1-57F6-4000-B49E-6997BFF58D9E}.Release|x64.ActiveCfg = Release|Any CPU
		{78BCAEA1-57F6-4000-B49E-6997BFF58D9E}.Release|x64.Build.0 = Release|Any CPU
	EndGlobalSection
	GlobalSection(SolutionProperties) = preSolution
		HideSolutionNode = FALSE
	EndGlobalSection
	GlobalSection(ExtensibilityGlobals) = postSolution
		SolutionGuid = {AFCA3DE4-2CFC-4B42-B43B-E4807664CD8A}
	EndGlobalSection
EndGlobal
